
Microsoft Visual Studio Solution File, Format Version 12.00
# Visual Studio 14
VisualStudioVersion = 14.0.25420.1
MinimumVisualStudioVersion = 10.0.40219.1
Project("{FAE04EC0-301F-11D3-BF4B-00C04F79EFBC}") = "MarsRover", "MarsRover\MarsRover.csproj", "{B44FF898-25DA-4D94-B487-CAB0F7D508F6}"
EndProject
Project("{FAE04EC0-301F-11D3-BF4B-00C04F79EFBC}") = "MarsRoverTest", "MarsRoverTest\MarsRoverTest.csproj", "{B0FDC3F6-649E-4C9B-A3AC-70B1D9280392}"
EndProject
Global
	GlobalSection(SolutionConfigurationPlatforms) = preSolution
		Debug|Any CPU = Debug|Any CPU
		Release|Any CPU = Release|Any CPU
	EndGlobalSection
	GlobalSection(ProjectConfigurationPlatforms) = postSolution
		{B44FF898-25DA-4D94-B487-CAB0F7D508F6}.Debug|Any CPU.ActiveCfg = Debug|Any CPU
		{B44FF898-25DA-4D94-B487-CAB0F7D508F6}.Debug|Any CPU.Build.0 = Debug|Any CPU
		{B44FF898-25DA-4D94-B487-CAB0F7D508F6}.Release|Any CPU.ActiveCfg = Release|Any CPU
		{B44FF898-25DA-4D94-B487-CAB0F7D508F6}.Release|Any CPU.Build.0 = Release|Any CPU
		{B0FDC3F6-649E-4C9B-A3AC-70B1D9280392}.Debug|Any CPU.ActiveCfg = Debug|Any CPU
		{B0FDC3F6-649E-4C9B-A3AC-70B1D9280392}.Debug|Any CPU.Build.0 = Debug|Any CPU
		{B0FDC3F6-649E-4C9B-A3AC-70B1D9280392}.Release|Any CPU.ActiveCfg = Release|Any CPU
		{B0FDC3F6-649E-4C9B-A3AC-70B1D9280392}.Release|Any CPU.Build.0 = Release|Any CPU
	EndGlobalSection
	GlobalSection(SolutionProperties) = preSolution
		HideSolutionNode = FALSE
	EndGlobalSection
EndGlobal
